
Microsoft Visual Studio Solution File, Format Version 12.00
# Visual Studio Version 16
VisualStudioVersion = 16.0.32002.261
MinimumVisualStudioVersion = 10.0.40219.1
Project("{FAE04EC0-301F-11D3-BF4B-00C04F79EFBC}") = "Colud-Handson3", "Colud-Handson3\Colud-Handson3.csproj", "{954B1C59-CFA6-4253-A8D8-C65F3BD2F9B8}"
EndProject
Global
	GlobalSection(SolutionConfigurationPlatforms) = preSolution
		Debug|Any CPU = Debug|Any CPU
		Release|Any CPU = Release|Any CPU
	EndGlobalSection
	GlobalSection(ProjectConfigurationPlatforms) = postSolution
		{954B1C59-CFA6-4253-A8D8-C65F3BD2F9B8}.Debug|Any CPU.ActiveCfg = Debug|Any CPU
		{954B1C59-CFA6-4253-A8D8-C65F3BD2F9B8}.Debug|Any CPU.Build.0 = Debug|Any CPU
		{954B1C59-CFA6-4253-A8D8-C65F3BD2F9B8}.Release|Any CPU.ActiveCfg = Release|Any CPU
		{954B1C59-CFA6-4253-A8D8-C65F3BD2F9B8}.Release|Any CPU.Build.0 = Release|Any CPU
	EndGlobalSection
	GlobalSection(SolutionProperties) = preSolution
		HideSolutionNode = FALSE
	EndGlobalSection
	GlobalSection(ExtensibilityGlobals) = postSolution
		SolutionGuid = {302F4EFB-B5D1-41CA-A63F-66E2DAB48EA1}
	EndGlobalSection
EndGlobal
